
Microsoft Visual Studio Solution File, Format Version 12.00
# Visual Studio Version 17
VisualStudioVersion = 17.3.32901.215
MinimumVisualStudioVersion = 10.0.40219.1
Project("{FAE04EC0-301F-11D3-BF4B-00C04F79EFBC}") = "IndovinaChi", "Esercizio02_SRV\IndovinaChi.csproj", "{88F2EFC3-2BB3-4B79-B757-450E9BF9278A}"
EndProject
Global
	GlobalSection(SolutionConfigurationPlatforms) = preSolution
		Debug|Any CPU = Debug|Any CPU
		Release|Any CPU = Release|Any CPU
	EndGlobalSection
	GlobalSection(ProjectConfigurationPlatforms) = postSolution
		{88F2EFC3-2BB3-4B79-B757-450E9BF9278A}.Debug|Any CPU.ActiveCfg = Debug|Any CPU
		{88F2EFC3-2BB3-4B79-B757-450E9BF9278A}.Debug|Any CPU.Build.0 = Debug|Any CPU
		{88F2EFC3-2BB3-4B79-B757-450E9BF9278A}.Release|Any CPU.ActiveCfg = Release|Any CPU
		{88F2EFC3-2BB3-4B79-B757-450E9BF9278A}.Release|Any CPU.Build.0 = Release|Any CPU
	EndGlobalSection
	GlobalSection(SolutionProperties) = preSolution
		HideSolutionNode = FALSE
	EndGlobalSection
	GlobalSection(ExtensibilityGlobals) = postSolution
		SolutionGuid = {B2E0AB92-ED44-4308-8C53-13CEB155F25E}
	EndGlobalSection
EndGlobal
